
Microsoft Visual Studio Solution File, Format Version 12.00
# Visual Studio Version 16
VisualStudioVersion = 16.0.31702.278
MinimumVisualStudioVersion = 10.0.40219.1
Project("{FAE04EC0-301F-11D3-BF4B-00C04F79EFBC}") = "SedcWebApiClass05MovieApp", "SedcWebApiClass05MovieApp\SedcWebApiClass05MovieApp.csproj", "{3D40089E-93C9-4698-83E5-36BF629AD219}"
EndProject
Global
	GlobalSection(SolutionConfigurationPlatforms) = preSolution
		Debug|Any CPU = Debug|Any CPU
		Release|Any CPU = Release|Any CPU
	EndGlobalSection
	GlobalSection(ProjectConfigurationPlatforms) = postSolution
		{3D40089E-93C9-4698-83E5-36BF629AD219}.Debug|Any CPU.ActiveCfg = Debug|Any CPU
		{3D40089E-93C9-4698-83E5-36BF629AD219}.Debug|Any CPU.Build.0 = Debug|Any CPU
		{3D40089E-93C9-4698-83E5-36BF629AD219}.Release|Any CPU.ActiveCfg = Release|Any CPU
		{3D40089E-93C9-4698-83E5-36BF629AD219}.Release|Any CPU.Build.0 = Release|Any CPU
	EndGlobalSection
	GlobalSection(SolutionProperties) = preSolution
		HideSolutionNode = FALSE
	EndGlobalSection
	GlobalSection(ExtensibilityGlobals) = postSolution
		SolutionGuid = {CE36E35B-FE0E-42A9-97B9-1C95D4B39646}
	EndGlobalSection
EndGlobal
